// !$*UTF8*$!
{
	archiveVersion = 1;
	classes = {
	};
	objectVersion = 55;
	objects = {

/* Begin PBXBuildFile section */
		553695342779BC5F00AD965D /* ToDoAppSwiftUIApp.swift in Sources */ = {isa = PBXBuildFile; fileRef = 553695332779BC5F00AD965D /* ToDoAppSwiftUIApp.swift */; };
		553695362779BC5F00AD965D /* MainView.swift in Sources */ = {isa = PBXBuildFile; fileRef = 553695352779BC5F00AD965D /* MainView.swift */; };
		553695382779BC6100AD965D /* Assets.xcassets in Resources */ = {isa = PBXBuildFile; fileRef = 553695372779BC6100AD965D /* Assets.xcassets */; };
		5536953B2779BC6100AD965D /* Preview Assets.xcassets in Resources */ = {isa = PBXBuildFile; fileRef = 5536953A2779BC6100AD965D /* Preview Assets.xcassets */; };
		553695432779BD6000AD965D /* TaskView.swift in Sources */ = {isa = PBXBuildFile; fileRef = 553695422779BD6000AD965D /* TaskView.swift */; };
		553695462779BEB800AD965D /* TaskRow.swift in Sources */ = {isa = PBXBuildFile; fileRef = 553695452779BEB800AD965D /* TaskRow.swift */; };
		553695482779C06A00AD965D /* TaskRowModel.swift in Sources */ = {isa = PBXBuildFile; fileRef = 553695472779C06A00AD965D /* TaskRowModel.swift */; };
		5536954C2779C4B800AD965D /* AddButton.swift in Sources */ = {isa = PBXBuildFile; fileRef = 5536954B2779C4B800AD965D /* AddButton.swift */; };
		5536954F2779C6A400AD965D /* View+CornerRadius.swift in Sources */ = {isa = PBXBuildFile; fileRef = 5536954E2779C6A400AD965D /* View+CornerRadius.swift */; };
		553695522779C8B800AD965D /* TitleScreen.swift in Sources */ = {isa = PBXBuildFile; fileRef = 553695512779C8B800AD965D /* TitleScreen.swift */; };
		553695542779C8E600AD965D /* TitleScreenModel.swift in Sources */ = {isa = PBXBuildFile; fileRef = 553695532779C8E600AD965D /* TitleScreenModel.swift */; };
		553695562779CD4E00AD965D /* AddTaskView.swift in Sources */ = {isa = PBXBuildFile; fileRef = 553695552779CD4E00AD965D /* AddTaskView.swift */; };
		553695582779D00C00AD965D /* AddButtonModel.swift in Sources */ = {isa = PBXBuildFile; fileRef = 553695572779D00C00AD965D /* AddButtonModel.swift */; };
		5536955B2779D10700AD965D /* TaskViewModel.swift in Sources */ = {isa = PBXBuildFile; fileRef = 5536955A2779D10700AD965D /* TaskViewModel.swift */; };
/* End PBXBuildFile section */

/* Begin PBXFileReference section */
		553695302779BC5F00AD965D /* ToDoAppSwiftUI.app */ = {isa = PBXFileReference; explicitFileType = wrapper.application; includeInIndex = 0; path = ToDoAppSwiftUI.app; sourceTree = BUILT_PRODUCTS_DIR; };
		553695332779BC5F00AD965D /* ToDoAppSwiftUIApp.swift */ = {isa = PBXFileReference; lastKnownFileType = sourcecode.swift; path = ToDoAppSwiftUIApp.swift; sourceTree = "<group>"; };
		553695352779BC5F00AD965D /* MainView.swift */ = {isa = PBXFileReference; lastKnownFileType = sourcecode.swift; path = MainView.swift; sourceTree = "<group>"; };
		553695372779BC6100AD965D /* Assets.xcassets */ = {isa = PBXFileReference; lastKnownFileType = folder.assetcatalog; path = Assets.xcassets; sourceTree = "<group>"; };
		5536953A2779BC6100AD965D /* Preview Assets.xcassets */ = {isa = PBXFileReference; lastKnownFileType = folder.assetcatalog; path = "Preview Assets.xcassets"; sourceTree = "<group>"; };
		553695422779BD6000AD965D /* TaskView.swift */ = {isa = PBXFileReference; lastKnownFileType = sourcecode.swift; path = TaskView.swift; sourceTree = "<group>"; };
		553695452779BEB800AD965D /* TaskRow.swift */ = {isa = PBXFileReference; lastKnownFileType = sourcecode.swift; path = TaskRow.swift; sourceTree = "<group>"; };
		553695472779C06A00AD965D /* TaskRowModel.swift */ = {isa = PBXFileReference; lastKnownFileType = sourcecode.swift; path = TaskRowModel.swift; sourceTree = "<group>"; };
		5536954B2779C4B800AD965D /* AddButton.swift */ = {isa = PBXFileReference; lastKnownFileType = sourcecode.swift; path = AddButton.swift; sourceTree = "<group>"; };
		5536954E2779C6A400AD965D /* View+CornerRadius.swift */ = {isa = PBXFileReference; lastKnownFileType = sourcecode.swift; path = "View+CornerRadius.swift"; sourceTree = "<group>"; };
		553695512779C8B800AD965D /* TitleScreen.swift */ = {isa = PBXFileReference; lastKnownFileType = sourcecode.swift; path = TitleScreen.swift; sourceTree = "<group>"; };
		553695532779C8E600AD965D /* TitleScreenModel.swift */ = {isa = PBXFileReference; lastKnownFileType = sourcecode.swift; path = TitleScreenModel.swift; sourceTree = "<group>"; };
		553695552779CD4E00AD965D /* AddTaskView.swift */ = {isa = PBXFileReference; lastKnownFileType = sourcecode.swift; path = AddTaskView.swift; sourceTree = "<group>"; };
		553695572779D00C00AD965D /* AddButtonModel.swift */ = {isa = PBXFileReference; lastKnownFileType = sourcecode.swift; path = AddButtonModel.swift; sourceTree = "<group>"; };
		5536955A2779D10700AD965D /* TaskViewModel.swift */ = {isa = PBXFileReference; lastKnownFileType = sourcecode.swift; path = TaskViewModel.swift; sourceTree = "<group>"; };
/* End PBXFileReference section */

/* Begin PBXFrameworksBuildPhase section */
		5536952D2779BC5F00AD965D /* Frameworks */ = {
			isa = PBXFrameworksBuildPhase;
			buildActionMask = 2147483647;
			files = (
			);
			runOnlyForDeploymentPostprocessing = 0;
		};
/* End PBXFrameworksBuildPhase section */

/* Begin PBXGroup section */
		553695272779BC5F00AD965D = {
			isa = PBXGroup;
			children = (
				553695322779BC5F00AD965D /* ToDoAppSwiftUI */,
				553695312779BC5F00AD965D /* Products */,
			);
			sourceTree = "<group>";
		};
		553695312779BC5F00AD965D /* Products */ = {
			isa = PBXGroup;
			children = (
				553695302779BC5F00AD965D /* ToDoAppSwiftUI.app */,
			);
			name = Products;
			sourceTree = "<group>";
		};
		553695322779BC5F00AD965D /* ToDoAppSwiftUI */ = {
			isa = PBXGroup;
			children = (
				553695412779BD5800AD965D /* Views */,
				553695442779BEAC00AD965D /* Components */,
				5536954D2779C68200AD965D /* Extensions */,
				553695372779BC6100AD965D /* Assets.xcassets */,
				553695332779BC5F00AD965D /* ToDoAppSwiftUIApp.swift */,
				553695392779BC6100AD965D /* Preview Content */,
			);
			path = ToDoAppSwiftUI;
			sourceTree = "<group>";
		};
		553695392779BC6100AD965D /* Preview Content */ = {
			isa = PBXGroup;
			children = (
				5536953A2779BC6100AD965D /* Preview Assets.xcassets */,
			);
			path = "Preview Content";
			sourceTree = "<group>";
		};
		553695412779BD5800AD965D /* Views */ = {
			isa = PBXGroup;
			children = (
				553695352779BC5F00AD965D /* MainView.swift */,
				553695552779CD4E00AD965D /* AddTaskView.swift */,
			);
			path = Views;
			sourceTree = "<group>";
		};
		553695442779BEAC00AD965D /* Components */ = {
			isa = PBXGroup;
			children = (
				553695592779D0FF00AD965D /* TaskView */,
				553695502779C8A100AD965D /* TitlteScreen */,
				553695492779C4A400AD965D /* TaskRow */,
				5536954A2779C4B100AD965D /* AddButton */,
			);
			path = Components;
			sourceTree = "<group>";
		};
		553695492779C4A400AD965D /* TaskRow */ = {
			isa = PBXGroup;
			children = (
				553695452779BEB800AD965D /* TaskRow.swift */,
				553695472779C06A00AD965D /* TaskRowModel.swift */,
			);
			path = TaskRow;
			sourceTree = "<group>";
		};
		5536954A2779C4B100AD965D /* AddButton */ = {
			isa = PBXGroup;
			children = (
				5536954B2779C4B800AD965D /* AddButton.swift */,
				553695572779D00C00AD965D /* AddButtonModel.swift */,
			);
			path = AddButton;
			sourceTree = "<group>";
		};
		5536954D2779C68200AD965D /* Extensions */ = {
			isa = PBXGroup;
			children = (
				5536954E2779C6A400AD965D /* View+CornerRadius.swift */,
			);
			path = Extensions;
			sourceTree = "<group>";
		};
		553695502779C8A100AD965D /* TitlteScreen */ = {
			isa = PBXGroup;
			children = (
				553695512779C8B800AD965D /* TitleScreen.swift */,
				553695532779C8E600AD965D /* TitleScreenModel.swift */,
			);
			path = TitlteScreen;
			sourceTree = "<group>";
		};
		553695592779D0FF00AD965D /* TaskView */ = {
			isa = PBXGroup;
			children = (
				5536955A2779D10700AD965D /* TaskViewModel.swift */,
				553695422779BD6000AD965D /* TaskView.swift */,
			);
			path = TaskView;
			sourceTree = "<group>";
		};
/* End PBXGroup section */

/* Begin PBXNativeTarget section */
		5536952F2779BC5F00AD965D /* ToDoAppSwiftUI */ = {
			isa = PBXNativeTarget;
			buildConfigurationList = 5536953E2779BC6100AD965D /* Build configuration list for PBXNativeTarget "ToDoAppSwiftUI" */;
			buildPhases = (
				5536952C2779BC5F00AD965D /* Sources */,
				5536952D2779BC5F00AD965D /* Frameworks */,
				5536952E2779BC5F00AD965D /* Resources */,
			);
			buildRules = (
			);
			dependencies = (
			);
			name = ToDoAppSwiftUI;
			productName = ToDoAppSwiftUI;
			productReference = 553695302779BC5F00AD965D /* ToDoAppSwiftUI.app */;
			productType = "com.apple.product-type.application";
		};
/* End PBXNativeTarget section */

/* Begin PBXProject section */
		553695282779BC5F00AD965D /* Project object */ = {
			isa = PBXProject;
			attributes = {
				BuildIndependentTargetsInParallel = 1;
				LastSwiftUpdateCheck = 1310;
				LastUpgradeCheck = 1310;
				TargetAttributes = {
					5536952F2779BC5F00AD965D = {
						CreatedOnToolsVersion = 13.1;
					};
				};
			};
			buildConfigurationList = 5536952B2779BC5F00AD965D /* Build configuration list for PBXProject "ToDoAppSwiftUI" */;
			compatibilityVersion = "Xcode 13.0";
			developmentRegion = en;
			hasScannedForEncodings = 0;
			knownRegions = (
				en,
				Base,
			);
			mainGroup = 553695272779BC5F00AD965D;
			productRefGroup = 553695312779BC5F00AD965D /* Products */;
			projectDirPath = "";
			projectRoot = "";
			targets = (
				5536952F2779BC5F00AD965D /* ToDoAppSwiftUI */,
			);
		};
/* End PBXProject section */

/* Begin PBXResourcesBuildPhase section */
		5536952E2779BC5F00AD965D /* Resources */ = {
			isa = PBXResourcesBuildPhase;
			buildActionMask = 2147483647;
			files = (
				5536953B2779BC6100AD965D /* Preview Assets.xcassets in Resources */,
				553695382779BC6100AD965D /* Assets.xcassets in Resources */,
			);
			runOnlyForDeploymentPostprocessing = 0;
		};
/* End PBXResourcesBuildPhase section */

/* Begin PBXSourcesBuildPhase section */
		5536952C2779BC5F00AD965D /* Sources */ = {
			isa = PBXSourcesBuildPhase;
			buildActionMask = 2147483647;
			files = (
				553695432779BD6000AD965D /* TaskView.swift in Sources */,
				5536955B2779D10700AD965D /* TaskViewModel.swift in Sources */,
				553695562779CD4E00AD965D /* AddTaskView.swift in Sources */,
				553695582779D00C00AD965D /* AddButtonModel.swift in Sources */,
				553695362779BC5F00AD965D /* MainView.swift in Sources */,
				553695342779BC5F00AD965D /* ToDoAppSwiftUIApp.swift in Sources */,
				5536954C2779C4B800AD965D /* AddButton.swift in Sources */,
				553695522779C8B800AD965D /* TitleScreen.swift in Sources */,
				5536954F2779C6A400AD965D /* View+CornerRadius.swift in Sources */,
				553695462779BEB800AD965D /* TaskRow.swift in Sources */,
				553695542779C8E600AD965D /* TitleScreenModel.swift in Sources */,
				553695482779C06A00AD965D /* TaskRowModel.swift in Sources */,
			);
			runOnlyForDeploymentPostprocessing = 0;
		};
/* End PBXSourcesBuildPhase section */

/* Begin XCBuildConfiguration section */
		5536953C2779BC6100AD965D /* Debug */ = {
			isa = XCBuildConfiguration;
			buildSettings = {
				ALWAYS_SEARCH_USER_PATHS = NO;
				CLANG_ANALYZER_NONNULL = YES;
				CLANG_ANALYZER_NUMBER_OBJECT_CONVERSION = YES_AGGRESSIVE;
				CLANG_CXX_LANGUAGE_STANDARD = "gnu++17";
				CLANG_CXX_LIBRARY = "libc++";
				CLANG_ENABLE_MODULES = YES;
				CLANG_ENABLE_OBJC_ARC = YES;
				CLANG_ENABLE_OBJC_WEAK = YES;
				CLANG_WARN_BLOCK_CAPTURE_AUTORELEASING = YES;
				CLANG_WARN_BOOL_CONVERSION = YES;
				CLANG_WARN_COMMA = YES;
				CLANG_WARN_CONSTANT_CONVERSION = YES;
				CLANG_WARN_DEPRECATED_OBJC_IMPLEMENTATIONS = YES;
				CLANG_WARN_DIRECT_OBJC_ISA_USAGE = YES_ERROR;
				CLANG_WARN_DOCUMENTATION_COMMENTS = YES;
				CLANG_WARN_EMPTY_BODY = YES;
				CLANG_WARN_ENUM_CONVERSION = YES;
				CLANG_WARN_INFINITE_RECURSION = YES;
				CLANG_WARN_INT_CONVERSION = YES;
				CLANG_WARN_NON_LITERAL_NULL_CONVERSION = YES;
				CLANG_WARN_OBJC_IMPLICIT_RETAIN_SELF = YES;
				CLANG_WARN_OBJC_LITERAL_CONVERSION = YES;
				CLANG_WARN_OBJC_ROOT_CLASS = YES_ERROR;
				CLANG_WARN_QUOTED_INCLUDE_IN_FRAMEWORK_HEADER = YES;
				CLANG_WARN_RANGE_LOOP_ANALYSIS = YES;
				CLANG_WARN_STRICT_PROTOTYPES = YES;
				CLANG_WARN_SUSPICIOUS_MOVE = YES;
				CLANG_WARN_UNGUARDED_AVAILABILITY = YES_AGGRESSIVE;
				CLANG_WARN_UNREACHABLE_CODE = YES;
				CLANG_WARN__DUPLICATE_METHOD_MATCH = YES;
				COPY_PHASE_STRIP = NO;
				DEBUG_INFORMATION_FORMAT = dwarf;
				ENABLE_STRICT_OBJC_MSGSEND = YES;
				ENABLE_TESTABILITY = YES;
				GCC_C_LANGUAGE_STANDARD = gnu11;
				GCC_DYNAMIC_NO_PIC = NO;
				GCC_NO_COMMON_BLOCKS = YES;
				GCC_OPTIMIZATION_LEVEL = 0;
				GCC_PREPROCESSOR_DEFINITIONS = (
					"DEBUG=1",
					"$(inherited)",
				);
				GCC_WARN_64_TO_32_BIT_CONVERSION = YES;
				GCC_WARN_ABOUT_RETURN_TYPE = YES_ERROR;
				GCC_WARN_UNDECLARED_SELECTOR = YES;
				GCC_WARN_UNINITIALIZED_AUTOS = YES_AGGRESSIVE;
				GCC_WARN_UNUSED_FUNCTION = YES;
				GCC_WARN_UNUSED_VARIABLE = YES;
				IPHONEOS_DEPLOYMENT_TARGET = 15.0;
				MTL_ENABLE_DEBUG_INFO = INCLUDE_SOURCE;
				MTL_FAST_MATH = YES;
				ONLY_ACTIVE_ARCH = YES;
				SDKROOT = iphoneos;
				SWIFT_ACTIVE_COMPILATION_CONDITIONS = DEBUG;
				SWIFT_OPTIMIZATION_LEVEL = "-Onone";
			};
			name = Debug;
		};
		5536953D2779BC6100AD965D /* Release */ = {
			isa = XCBuildConfiguration;
			buildSettings = {
				ALWAYS_SEARCH_USER_PATHS = NO;
				CLANG_ANALYZER_NONNULL = YES;
				CLANG_ANALYZER_NUMBER_OBJECT_CONVERSION = YES_AGGRESSIVE;
				CLANG_CXX_LANGUAGE_STANDARD = "gnu++17";
				CLANG_CXX_LIBRARY = "libc++";
				CLANG_ENABLE_MODULES = YES;
				CLANG_ENABLE_OBJC_ARC = YES;
				CLANG_ENABLE_OBJC_WEAK = YES;
				CLANG_WARN_BLOCK_CAPTURE_AUTORELEASING = YES;
				CLANG_WARN_BOOL_CONVERSION = YES;
				CLANG_WARN_COMMA = YES;
				CLANG_WARN_CONSTANT_CONVERSION = YES;
				CLANG_WARN_DEPRECATED_OBJC_IMPLEMENTATIONS = YES;
				CLANG_WARN_DIRECT_OBJC_ISA_USAGE = YES_ERROR;
				CLANG_WARN_DOCUMENTATION_COMMENTS = YES;
				CLANG_WARN_EMPTY_BODY = YES;
				CLANG_WARN_ENUM_CONVERSION = YES;
				CLANG_WARN_INFINITE_RECURSION = YES;
				CLANG_WARN_INT_CONVERSION = YES;
				CLANG_WARN_NON_LITERAL_NULL_CONVERSION = YES;
				CLANG_WARN_OBJC_IMPLICIT_RETAIN_SELF = YES;
				CLANG_WARN_OBJC_LITERAL_CONVERSION = YES;
				CLANG_WARN_OBJC_ROOT_CLASS = YES_ERROR;
				CLANG_WARN_QUOTED_INCLUDE_IN_FRAMEWORK_HEADER = YES;
				CLANG_WARN_RANGE_LOOP_ANALYSIS = YES;
				CLANG_WARN_STRICT_PROTOTYPES = YES;
				CLANG_WARN_SUSPICIOUS_MOVE = YES;
				CLANG_WARN_UNGUARDED_AVAILABILITY = YES_AGGRESSIVE;
				CLANG_WARN_UNREACHABLE_CODE = YES;
				CLANG_WARN__DUPLICATE_METHOD_MATCH = YES;
				COPY_PHASE_STRIP = NO;
				DEBUG_INFORMATION_FORMAT = "dwarf-with-dsym";
				ENABLE_NS_ASSERTIONS = NO;
				ENABLE_STRICT_OBJC_MSGSEND = YES;
				GCC_C_LANGUAGE_STANDARD = gnu11;
				GCC_NO_COMMON_BLOCKS = YES;
				GCC_WARN_64_TO_32_BIT_CONVERSION = YES;
				GCC_WARN_ABOUT_RETURN_TYPE = YES_ERROR;
				GCC_WARN_UNDECLARED_SELECTOR = YES;
				GCC_WARN_UNINITIALIZED_AUTOS = YES_AGGRESSIVE;
				GCC_WARN_UNUSED_FUNCTION = YES;
				GCC_WARN_UNUSED_VARIABLE = YES;
				IPHONEOS_DEPLOYMENT_TARGET = 15.0;
				MTL_ENABLE_DEBUG_INFO = NO;
				MTL_FAST_MATH = YES;
				SDKROOT = iphoneos;
				SWIFT_COMPILATION_MODE = wholemodule;
				SWIFT_OPTIMIZATION_LEVEL = "-O";
				VALIDATE_PRODUCT = YES;
			};
			name = Release;
		};
		5536953F2779BC6100AD965D /* Debug */ = {
			isa = XCBuildConfiguration;
			buildSettings = {
				ASSETCATALOG_COMPILER_APPICON_NAME = AppIcon;
				ASSETCATALOG_COMPILER_GLOBAL_ACCENT_COLOR_NAME = AccentColor;
				CODE_SIGN_STYLE = Automatic;
				CURRENT_PROJECT_VERSION = 1;
				DEVELOPMENT_ASSET_PATHS = "\"ToDoAppSwiftUI/Preview Content\"";
				DEVELOPMENT_TEAM = VQ5Y8L9458;
				ENABLE_PREVIEWS = YES;
				GENERATE_INFOPLIST_FILE = YES;
				INFOPLIST_KEY_UIApplicationSceneManifest_Generation = YES;
				INFOPLIST_KEY_UIApplicationSupportsIndirectInputEvents = YES;
				INFOPLIST_KEY_UILaunchScreen_Generation = YES;
				INFOPLIST_KEY_UISupportedInterfaceOrientations_iPad = "UIInterfaceOrientationPortrait UIInterfaceOrientationPortraitUpsideDown UIInterfaceOrientationLandscapeLeft UIInterfaceOrientationLandscapeRight";
				INFOPLIST_KEY_UISupportedInterfaceOrientations_iPhone = "UIInterfaceOrientationPortrait UIInterfaceOrientationLandscapeLeft UIInterfaceOrientationLandscapeRight";
				LD_RUNPATH_SEARCH_PATHS = (
					"$(inherited)",
					"@executable_path/Frameworks",
				);
				MARKETING_VERSION = 1.0;
				PRODUCT_BUNDLE_IDENTIFIER = AlvaroFerrandez.ToDoAppSwiftUI;
				PRODUCT_NAME = "$(TARGET_NAME)";
				SWIFT_EMIT_LOC_STRINGS = YES;
				SWIFT_VERSION = 5.0;
				TARGETED_DEVICE_FAMILY = "1,2";
			};
			name = Debug;
		};
		553695402779BC6100AD965D /* Release */ = {
			isa = XCBuildConfiguration;
			buildSettings = {
				ASSETCATALOG_COMPILER_APPICON_NAME = AppIcon;
				ASSETCATALOG_COMPILER_GLOBAL_ACCENT_COLOR_NAME = AccentColor;
				CODE_SIGN_STYLE = Automatic;
				CURRENT_PROJECT_VERSION = 1;
				DEVELOPMENT_ASSET_PATHS = "\"ToDoAppSwiftUI/Preview Content\"";
				DEVELOPMENT_TEAM = VQ5Y8L9458;
				ENABLE_PREVIEWS = YES;
				GENERATE_INFOPLIST_FILE = YES;
				INFOPLIST_KEY_UIApplicationSceneManifest_Generation = YES;
				INFOPLIST_KEY_UIApplicationSupportsIndirectInputEvents = YES;
				INFOPLIST_KEY_UILaunchScreen_Generation = YES;
				INFOPLIST_KEY_UISupportedInterfaceOrientations_iPad = "UIInterfaceOrientationPortrait UIInterfaceOrientationPortraitUpsideDown UIInterfaceOrientationLandscapeLeft UIInterfaceOrientationLandscapeRight";
				INFOPLIST_KEY_UISupportedInterfaceOrientations_iPhone = "UIInterfaceOrientationPortrait UIInterfaceOrientationLandscapeLeft UIInterfaceOrientationLandscapeRight";
				LD_RUNPATH_SEARCH_PATHS = (
					"$(inherited)",
					"@executable_path/Frameworks",
				);
				MARKETING_VERSION = 1.0;
				PRODUCT_BUNDLE_IDENTIFIER = AlvaroFerrandez.ToDoAppSwiftUI;
				PRODUCT_NAME = "$(TARGET_NAME)";
				SWIFT_EMIT_LOC_STRINGS = YES;
				SWIFT_VERSION = 5.0;
				TARGETED_DEVICE_FAMILY = "1,2";
			};
			name = Release;
		};
/* End XCBuildConfiguration section */

/* Begin XCConfigurationList section */
		5536952B2779BC5F00AD965D /* Build configuration list for PBXProject "ToDoAppSwiftUI" */ = {
			isa = XCConfigurationList;
			buildConfigurations = (
				5536953C2779BC6100AD965D /* Debug */,
				5536953D2779BC6100AD965D /* Release */,
			);
			defaultConfigurationIsVisible = 0;
			defaultConfigurationName = Release;
		};
		5536953E2779BC6100AD965D /* Build configuration list for PBXNativeTarget "ToDoAppSwiftUI" */ = {
			isa = XCConfigurationList;
			buildConfigurations = (
				5536953F2779BC6100AD965D /* Debug */,
				553695402779BC6100AD965D /* Release */,
			);
			defaultConfigurationIsVisible = 0;
			defaultConfigurationName = Release;
		};
/* End XCConfigurationList section */
	};
	rootObject = 553695282779BC5F00AD965D /* Project object */;
}
